
Microsoft Visual Studio Solution File, Format Version 12.00
# Visual Studio Version 17
VisualStudioVersion = 17.0.31919.166
MinimumVisualStudioVersion = 10.0.40219.1
Project("{FAE04EC0-301F-11D3-BF4B-00C04F79EFBC}") = "tamrine8 ramin", "tamrine8 ramin\tamrine8 ramin.csproj", "{A6D516A1-2030-49C1-A724-63377E5C0E21}"
EndProject
Global
	GlobalSection(SolutionConfigurationPlatforms) = preSolution
		Debug|Any CPU = Debug|Any CPU
		Release|Any CPU = Release|Any CPU
	EndGlobalSection
	GlobalSection(ProjectConfigurationPlatforms) = postSolution
		{A6D516A1-2030-49C1-A724-63377E5C0E21}.Debug|Any CPU.ActiveCfg = Debug|Any CPU
		{A6D516A1-2030-49C1-A724-63377E5C0E21}.Debug|Any CPU.Build.0 = Debug|Any CPU
		{A6D516A1-2030-49C1-A724-63377E5C0E21}.Release|Any CPU.ActiveCfg = Release|Any CPU
		{A6D516A1-2030-49C1-A724-63377E5C0E21}.Release|Any CPU.Build.0 = Release|Any CPU
	EndGlobalSection
	GlobalSection(SolutionProperties) = preSolution
		HideSolutionNode = FALSE
	EndGlobalSection
	GlobalSection(ExtensibilityGlobals) = postSolution
		SolutionGuid = {EFA06E00-F9FB-4157-8289-E1E4EC088651}
	EndGlobalSection
EndGlobal
